// !$*UTF8*$!
{
	archiveVersion = 1;
	classes = {
	};
	objectVersion = 52;
	objects = {

/* Begin PBXBuildFile section */
		CB037639258DA8BC00270F42 /* FSCalendar in Frameworks */ = {isa = PBXBuildFile; productRef = CB037638258DA8BC00270F42 /* FSCalendar */; };
		CB03763C258DC7B900270F42 /* ItemDBKeys.swift in Sources */ = {isa = PBXBuildFile; fileRef = CB03763B258DC7B900270F42 /* ItemDBKeys.swift */; };
		CB0A0EB0258CC8A9008BDC64 /* CategoryView.swift in Sources */ = {isa = PBXBuildFile; fileRef = CB0A0EAF258CC8A9008BDC64 /* CategoryView.swift */; };
		CB17D7F8259358200071B71B /* GraphView.swift in Sources */ = {isa = PBXBuildFile; fileRef = CB17D7F7259358200071B71B /* GraphView.swift */; };
		CB17D7FB25935C3C0071B71B /* CharacterInputView.swift in Sources */ = {isa = PBXBuildFile; fileRef = CB17D7FA25935C3C0071B71B /* CharacterInputView.swift */; };
		CB5B1533258A32C500F7EF4E /* NavigationBarView.swift in Sources */ = {isa = PBXBuildFile; fileRef = CB5B1532258A32C500F7EF4E /* NavigationBarView.swift */; };
		CB5FE87D2588A756006B2C2B /* KeyboardObserving in Frameworks */ = {isa = PBXBuildFile; productRef = CB5FE87C2588A756006B2C2B /* KeyboardObserving */; };
		CB688A0F2588AB1F00D1C5B7 /* NumberInput.swift in Sources */ = {isa = PBXBuildFile; fileRef = CB688A0E2588AB1F00D1C5B7 /* NumberInput.swift */; };
		CB7D14A02584DA0000BB0333 /* ItemRowView.swift in Sources */ = {isa = PBXBuildFile; fileRef = CB7D149F2584DA0000BB0333 /* ItemRowView.swift */; };
		CB7D14A32584DC4C00BB0333 /* ItemListView.swift in Sources */ = {isa = PBXBuildFile; fileRef = CB7D14A22584DC4C00BB0333 /* ItemListView.swift */; };
		CB8A5F4125836BEB00E2BF5A /* Item.swift in Sources */ = {isa = PBXBuildFile; fileRef = CB8A5F4025836BEB00E2BF5A /* Item.swift */; };
		CBA0BDD825920AEE00FA2E6D /* SwiftUICharts in Frameworks */ = {isa = PBXBuildFile; productRef = CBA0BDD725920AEE00FA2E6D /* SwiftUICharts */; };
		CBBA7F572584A8A500D6ADD2 /* ItemStore.swift in Sources */ = {isa = PBXBuildFile; fileRef = CBBA7F562584A8A500D6ADD2 /* ItemStore.swift */; };
		CBBF70422591C9AA00B382F6 /* NumberView.swift in Sources */ = {isa = PBXBuildFile; fileRef = CBBF70412591C9AA00B382F6 /* NumberView.swift */; };
		CBBF70452591C9BA00B382F6 /* MemoView.swift in Sources */ = {isa = PBXBuildFile; fileRef = CBBF70442591C9B900B382F6 /* MemoView.swift */; };
		CBBF70482591C9C300B382F6 /* ShoppingView.swift in Sources */ = {isa = PBXBuildFile; fileRef = CBBF70472591C9C300B382F6 /* ShoppingView.swift */; };
		CBE7C323257F5668008A73BC /* AppDelegate.swift in Sources */ = {isa = PBXBuildFile; fileRef = CBE7C322257F5668008A73BC /* AppDelegate.swift */; };
		CBE7C325257F5668008A73BC /* SceneDelegate.swift in Sources */ = {isa = PBXBuildFile; fileRef = CBE7C324257F5668008A73BC /* SceneDelegate.swift */; };
		CBE7C327257F5668008A73BC /* ContentView.swift in Sources */ = {isa = PBXBuildFile; fileRef = CBE7C326257F5668008A73BC /* ContentView.swift */; };
		CBE7C329257F5669008A73BC /* Assets.xcassets in Resources */ = {isa = PBXBuildFile; fileRef = CBE7C328257F5669008A73BC /* Assets.xcassets */; };
		CBE7C32C257F5669008A73BC /* Preview Assets.xcassets in Resources */ = {isa = PBXBuildFile; fileRef = CBE7C32B257F5669008A73BC /* Preview Assets.xcassets */; };
		CBE7C32F257F5669008A73BC /* LaunchScreen.storyboard in Resources */ = {isa = PBXBuildFile; fileRef = CBE7C32D257F5669008A73BC /* LaunchScreen.storyboard */; };
		CBE7C340257F5861008A73BC /* ItemDB.swift in Sources */ = {isa = PBXBuildFile; fileRef = CBE7C33F257F5861008A73BC /* ItemDB.swift */; };
		FB96D81962F3CF3A0D9C6B43 /* Pods_MYSupport.framework in Frameworks */ = {isa = PBXBuildFile; fileRef = 8C38F52845D3679933FFB55B /* Pods_MYSupport.framework */; };
/* End PBXBuildFile section */

/* Begin PBXFileReference section */
		1DB0A132A02A19E6D040FFFB /* Pods-MYSupport.debug.xcconfig */ = {isa = PBXFileReference; includeInIndex = 1; lastKnownFileType = text.xcconfig; name = "Pods-MYSupport.debug.xcconfig"; path = "Target Support Files/Pods-MYSupport/Pods-MYSupport.debug.xcconfig"; sourceTree = "<group>"; };
		7CF4033EDC1F31E824D443BF /* Pods-MYSupport.release.xcconfig */ = {isa = PBXFileReference; includeInIndex = 1; lastKnownFileType = text.xcconfig; name = "Pods-MYSupport.release.xcconfig"; path = "Target Support Files/Pods-MYSupport/Pods-MYSupport.release.xcconfig"; sourceTree = "<group>"; };
		8C38F52845D3679933FFB55B /* Pods_MYSupport.framework */ = {isa = PBXFileReference; explicitFileType = wrapper.framework; includeInIndex = 0; path = Pods_MYSupport.framework; sourceTree = BUILT_PRODUCTS_DIR; };
		CB03763B258DC7B900270F42 /* ItemDBKeys.swift */ = {isa = PBXFileReference; lastKnownFileType = sourcecode.swift; path = ItemDBKeys.swift; sourceTree = "<group>"; };
		CB0A0EAF258CC8A9008BDC64 /* CategoryView.swift */ = {isa = PBXFileReference; lastKnownFileType = sourcecode.swift; path = CategoryView.swift; sourceTree = "<group>"; };
		CB17D7F7259358200071B71B /* GraphView.swift */ = {isa = PBXFileReference; lastKnownFileType = sourcecode.swift; path = GraphView.swift; sourceTree = "<group>"; };
		CB17D7FA25935C3C0071B71B /* CharacterInputView.swift */ = {isa = PBXFileReference; lastKnownFileType = sourcecode.swift; path = CharacterInputView.swift; sourceTree = "<group>"; };
		CB5B1532258A32C500F7EF4E /* NavigationBarView.swift */ = {isa = PBXFileReference; lastKnownFileType = sourcecode.swift; path = NavigationBarView.swift; sourceTree = "<group>"; };
		CB688A0E2588AB1F00D1C5B7 /* NumberInput.swift */ = {isa = PBXFileReference; fileEncoding = 4; lastKnownFileType = sourcecode.swift; path = NumberInput.swift; sourceTree = "<group>"; };
		CB7D149F2584DA0000BB0333 /* ItemRowView.swift */ = {isa = PBXFileReference; lastKnownFileType = sourcecode.swift; path = ItemRowView.swift; sourceTree = "<group>"; };
		CB7D14A22584DC4C00BB0333 /* ItemListView.swift */ = {isa = PBXFileReference; lastKnownFileType = sourcecode.swift; path = ItemListView.swift; sourceTree = "<group>"; };
		CB8A5F4025836BEB00E2BF5A /* Item.swift */ = {isa = PBXFileReference; lastKnownFileType = sourcecode.swift; path = Item.swift; sourceTree = "<group>"; };
		CBBA7F562584A8A500D6ADD2 /* ItemStore.swift */ = {isa = PBXFileReference; lastKnownFileType = sourcecode.swift; path = ItemStore.swift; sourceTree = "<group>"; };
		CBBF70412591C9AA00B382F6 /* NumberView.swift */ = {isa = PBXFileReference; lastKnownFileType = sourcecode.swift; path = NumberView.swift; sourceTree = "<group>"; };
		CBBF70442591C9B900B382F6 /* MemoView.swift */ = {isa = PBXFileReference; lastKnownFileType = sourcecode.swift; path = MemoView.swift; sourceTree = "<group>"; };
		CBBF70472591C9C300B382F6 /* ShoppingView.swift */ = {isa = PBXFileReference; lastKnownFileType = sourcecode.swift; path = ShoppingView.swift; sourceTree = "<group>"; };
		CBE7C31F257F5668008A73BC /* MYSupport.app */ = {isa = PBXFileReference; explicitFileType = wrapper.application; includeInIndex = 0; path = MYSupport.app; sourceTree = BUILT_PRODUCTS_DIR; };
		CBE7C322257F5668008A73BC /* AppDelegate.swift */ = {isa = PBXFileReference; lastKnownFileType = sourcecode.swift; path = AppDelegate.swift; sourceTree = "<group>"; };
		CBE7C324257F5668008A73BC /* SceneDelegate.swift */ = {isa = PBXFileReference; lastKnownFileType = sourcecode.swift; path = SceneDelegate.swift; sourceTree = "<group>"; };
		CBE7C326257F5668008A73BC /* ContentView.swift */ = {isa = PBXFileReference; lastKnownFileType = sourcecode.swift; path = ContentView.swift; sourceTree = "<group>"; };
		CBE7C328257F5669008A73BC /* Assets.xcassets */ = {isa = PBXFileReference; lastKnownFileType = folder.assetcatalog; path = Assets.xcassets; sourceTree = "<group>"; };
		CBE7C32B257F5669008A73BC /* Preview Assets.xcassets */ = {isa = PBXFileReference; lastKnownFileType = folder.assetcatalog; path = "Preview Assets.xcassets"; sourceTree = "<group>"; };
		CBE7C32E257F5669008A73BC /* Base */ = {isa = PBXFileReference; lastKnownFileType = file.storyboard; name = Base; path = Base.lproj/LaunchScreen.storyboard; sourceTree = "<group>"; };
		CBE7C330257F5669008A73BC /* Info.plist */ = {isa = PBXFileReference; lastKnownFileType = text.plist.xml; path = Info.plist; sourceTree = "<group>"; };
		CBE7C33F257F5861008A73BC /* ItemDB.swift */ = {isa = PBXFileReference; lastKnownFileType = sourcecode.swift; path = ItemDB.swift; sourceTree = "<group>"; };
/* End PBXFileReference section */

/* Begin PBXFrameworksBuildPhase section */
		CBE7C31C257F5668008A73BC /* Frameworks */ = {
			isa = PBXFrameworksBuildPhase;
			buildActionMask = 2147483647;
			files = (
				FB96D81962F3CF3A0D9C6B43 /* Pods_MYSupport.framework in Frameworks */,
				CBA0BDD825920AEE00FA2E6D /* SwiftUICharts in Frameworks */,
				CB037639258DA8BC00270F42 /* FSCalendar in Frameworks */,
				CB5FE87D2588A756006B2C2B /* KeyboardObserving in Frameworks */,
			);
			runOnlyForDeploymentPostprocessing = 0;
		};
/* End PBXFrameworksBuildPhase section */

/* Begin PBXGroup section */
		0F85668772ED4067C7571F7D /* Frameworks */ = {
			isa = PBXGroup;
			children = (
				8C38F52845D3679933FFB55B /* Pods_MYSupport.framework */,
			);
			name = Frameworks;
			sourceTree = "<group>";
		};
		CBE7C316257F5668008A73BC = {
			isa = PBXGroup;
			children = (
				CBE7C321257F5668008A73BC /* MYSupport */,
				CBE7C320257F5668008A73BC /* Products */,
				E7F9823FC805C1D379464284 /* Pods */,
				0F85668772ED4067C7571F7D /* Frameworks */,
			);
			sourceTree = "<group>";
		};
		CBE7C320257F5668008A73BC /* Products */ = {
			isa = PBXGroup;
			children = (
				CBE7C31F257F5668008A73BC /* MYSupport.app */,
			);
			name = Products;
			sourceTree = "<group>";
		};
		CBE7C321257F5668008A73BC /* MYSupport */ = {
			isa = PBXGroup;
			children = (
				CBE7C322257F5668008A73BC /* AppDelegate.swift */,
				CBE7C324257F5668008A73BC /* SceneDelegate.swift */,
				CBE7C326257F5668008A73BC /* ContentView.swift */,
				CB5B1532258A32C500F7EF4E /* NavigationBarView.swift */,
				CB0A0EAF258CC8A9008BDC64 /* CategoryView.swift */,
				CBBF70412591C9AA00B382F6 /* NumberView.swift */,
				CBBF70442591C9B900B382F6 /* MemoView.swift */,
				CBBF70472591C9C300B382F6 /* ShoppingView.swift */,
				CB17D7F7259358200071B71B /* GraphView.swift */,
				CB17D7FA25935C3C0071B71B /* CharacterInputView.swift */,
				CB8A5F4025836BEB00E2BF5A /* Item.swift */,
				CBBA7F562584A8A500D6ADD2 /* ItemStore.swift */,
				CB7D149F2584DA0000BB0333 /* ItemRowView.swift */,
				CB7D14A22584DC4C00BB0333 /* ItemListView.swift */,
				CB688A0E2588AB1F00D1C5B7 /* NumberInput.swift */,
				CBE7C33D257F584E008A73BC /* Model */,
				CBE7C328257F5669008A73BC /* Assets.xcassets */,
				CBE7C32D257F5669008A73BC /* LaunchScreen.storyboard */,
				CBE7C330257F5669008A73BC /* Info.plist */,
				CBE7C32A257F5669008A73BC /* Preview Content */,
			);
			path = MYSupport;
			sourceTree = "<group>";
		};
		CBE7C32A257F5669008A73BC /* Preview Content */ = {
			isa = PBXGroup;
			children = (
				CBE7C32B257F5669008A73BC /* Preview Assets.xcassets */,
			);
			path = "Preview Content";
			sourceTree = "<group>";
		};
		CBE7C33D257F584E008A73BC /* Model */ = {
			isa = PBXGroup;
			children = (
				CBE7C33F257F5861008A73BC /* ItemDB.swift */,
				CB03763B258DC7B900270F42 /* ItemDBKeys.swift */,
			);
			path = Model;
			sourceTree = "<group>";
		};
		E7F9823FC805C1D379464284 /* Pods */ = {
			isa = PBXGroup;
			children = (
				1DB0A132A02A19E6D040FFFB /* Pods-MYSupport.debug.xcconfig */,
				7CF4033EDC1F31E824D443BF /* Pods-MYSupport.release.xcconfig */,
			);
			path = Pods;
			sourceTree = "<group>";
		};
/* End PBXGroup section */

/* Begin PBXNativeTarget section */
		CBE7C31E257F5668008A73BC /* MYSupport */ = {
			isa = PBXNativeTarget;
			buildConfigurationList = CBE7C333257F5669008A73BC /* Build configuration list for PBXNativeTarget "MYSupport" */;
			buildPhases = (
				81A2CEDE14566A94FFDAE055 /* [CP] Check Pods Manifest.lock */,
				CBE7C31B257F5668008A73BC /* Sources */,
				CBE7C31C257F5668008A73BC /* Frameworks */,
				CBE7C31D257F5668008A73BC /* Resources */,
				372A337A6410444186174A48 /* [CP] Embed Pods Frameworks */,
			);
			buildRules = (
			);
			dependencies = (
			);
			name = MYSupport;
			packageProductDependencies = (
				CB5FE87C2588A756006B2C2B /* KeyboardObserving */,
				CB037638258DA8BC00270F42 /* FSCalendar */,
				CBA0BDD725920AEE00FA2E6D /* SwiftUICharts */,
			);
			productName = MYSupport;
			productReference = CBE7C31F257F5668008A73BC /* MYSupport.app */;
			productType = "com.apple.product-type.application";
		};
/* End PBXNativeTarget section */

/* Begin PBXProject section */
		CBE7C317257F5668008A73BC /* Project object */ = {
			isa = PBXProject;
			attributes = {
				LastSwiftUpdateCheck = 1220;
				LastUpgradeCheck = 1220;
				TargetAttributes = {
					CBE7C31E257F5668008A73BC = {
						CreatedOnToolsVersion = 12.2;
					};
				};
			};
			buildConfigurationList = CBE7C31A257F5668008A73BC /* Build configuration list for PBXProject "MYSupport" */;
			compatibilityVersion = "Xcode 9.3";
			developmentRegion = en;
			hasScannedForEncodings = 0;
			knownRegions = (
				en,
				Base,
			);
			mainGroup = CBE7C316257F5668008A73BC;
			packageReferences = (
				CB5FE87B2588A756006B2C2B /* XCRemoteSwiftPackageReference "KeyboardObserving" */,
				CB037637258DA8BC00270F42 /* XCRemoteSwiftPackageReference "FSCalendar" */,
				CBA0BDD625920AEE00FA2E6D /* XCRemoteSwiftPackageReference "ChartView" */,
			);
			productRefGroup = CBE7C320257F5668008A73BC /* Products */;
			projectDirPath = "";
			projectRoot = "";
			targets = (
				CBE7C31E257F5668008A73BC /* MYSupport */,
			);
		};
/* End PBXProject section */

/* Begin PBXResourcesBuildPhase section */
		CBE7C31D257F5668008A73BC /* Resources */ = {
			isa = PBXResourcesBuildPhase;
			buildActionMask = 2147483647;
			files = (
				CBE7C32F257F5669008A73BC /* LaunchScreen.storyboard in Resources */,
				CBE7C32C257F5669008A73BC /* Preview Assets.xcassets in Resources */,
				CBE7C329257F5669008A73BC /* Assets.xcassets in Resources */,
			);
			runOnlyForDeploymentPostprocessing = 0;
		};
/* End PBXResourcesBuildPhase section */

/* Begin PBXShellScriptBuildPhase section */
		372A337A6410444186174A48 /* [CP] Embed Pods Frameworks */ = {
			isa = PBXShellScriptBuildPhase;
			buildActionMask = 2147483647;
			files = (
			);
			inputFileListPaths = (
				"${PODS_ROOT}/Target Support Files/Pods-MYSupport/Pods-MYSupport-frameworks-${CONFIGURATION}-input-files.xcfilelist",
			);
			name = "[CP] Embed Pods Frameworks";
			outputFileListPaths = (
				"${PODS_ROOT}/Target Support Files/Pods-MYSupport/Pods-MYSupport-frameworks-${CONFIGURATION}-output-files.xcfilelist",
			);
			runOnlyForDeploymentPostprocessing = 0;
			shellPath = /bin/sh;
			shellScript = "\"${PODS_ROOT}/Target Support Files/Pods-MYSupport/Pods-MYSupport-frameworks.sh\"\n";
			showEnvVarsInLog = 0;
		};
		81A2CEDE14566A94FFDAE055 /* [CP] Check Pods Manifest.lock */ = {
			isa = PBXShellScriptBuildPhase;
			buildActionMask = 2147483647;
			files = (
			);
			inputFileListPaths = (
			);
			inputPaths = (
				"${PODS_PODFILE_DIR_PATH}/Podfile.lock",
				"${PODS_ROOT}/Manifest.lock",
			);
			name = "[CP] Check Pods Manifest.lock";
			outputFileListPaths = (
			);
			outputPaths = (
				"$(DERIVED_FILE_DIR)/Pods-MYSupport-checkManifestLockResult.txt",
			);
			runOnlyForDeploymentPostprocessing = 0;
			shellPath = /bin/sh;
			shellScript = "diff \"${PODS_PODFILE_DIR_PATH}/Podfile.lock\" \"${PODS_ROOT}/Manifest.lock\" > /dev/null\nif [ $? != 0 ] ; then\n    # print error to STDERR\n    echo \"error: The sandbox is not in sync with the Podfile.lock. Run 'pod install' or update your CocoaPods installation.\" >&2\n    exit 1\nfi\n# This output is used by Xcode 'outputs' to avoid re-running this script phase.\necho \"SUCCESS\" > \"${SCRIPT_OUTPUT_FILE_0}\"\n";
			showEnvVarsInLog = 0;
		};
/* End PBXShellScriptBuildPhase section */

/* Begin PBXSourcesBuildPhase section */
		CBE7C31B257F5668008A73BC /* Sources */ = {
			isa = PBXSourcesBuildPhase;
			buildActionMask = 2147483647;
			files = (
				CBBF70452591C9BA00B382F6 /* MemoView.swift in Sources */,
				CBBF70422591C9AA00B382F6 /* NumberView.swift in Sources */,
				CB7D14A02584DA0000BB0333 /* ItemRowView.swift in Sources */,
				CB17D7FB25935C3C0071B71B /* CharacterInputView.swift in Sources */,
				CB8A5F4125836BEB00E2BF5A /* Item.swift in Sources */,
				CBE7C340257F5861008A73BC /* ItemDB.swift in Sources */,
				CBBF70482591C9C300B382F6 /* ShoppingView.swift in Sources */,
				CB7D14A32584DC4C00BB0333 /* ItemListView.swift in Sources */,
				CB17D7F8259358200071B71B /* GraphView.swift in Sources */,
				CB5B1533258A32C500F7EF4E /* NavigationBarView.swift in Sources */,
				CB0A0EB0258CC8A9008BDC64 /* CategoryView.swift in Sources */,
				CBBA7F572584A8A500D6ADD2 /* ItemStore.swift in Sources */,
				CBE7C323257F5668008A73BC /* AppDelegate.swift in Sources */,
				CB03763C258DC7B900270F42 /* ItemDBKeys.swift in Sources */,
				CBE7C325257F5668008A73BC /* SceneDelegate.swift in Sources */,
				CB688A0F2588AB1F00D1C5B7 /* NumberInput.swift in Sources */,
				CBE7C327257F5668008A73BC /* ContentView.swift in Sources */,
			);
			runOnlyForDeploymentPostprocessing = 0;
		};
/* End PBXSourcesBuildPhase section */

/* Begin PBXVariantGroup section */
		CBE7C32D257F5669008A73BC /* LaunchScreen.storyboard */ = {
			isa = PBXVariantGroup;
			children = (
				CBE7C32E257F5669008A73BC /* Base */,
			);
			name = LaunchScreen.storyboard;
			sourceTree = "<group>";
		};
/* End PBXVariantGroup section */

/* Begin XCBuildConfiguration section */
		CBE7C331257F5669008A73BC /* Debug */ = {
			isa = XCBuildConfiguration;
			buildSettings = {
				ALWAYS_SEARCH_USER_PATHS = NO;
				CLANG_ANALYZER_NONNULL = YES;
				CLANG_ANALYZER_NUMBER_OBJECT_CONVERSION = YES_AGGRESSIVE;
				CLANG_CXX_LANGUAGE_STANDARD = "gnu++14";
				CLANG_CXX_LIBRARY = "libc++";
				CLANG_ENABLE_MODULES = YES;
				CLANG_ENABLE_OBJC_ARC = YES;
				CLANG_ENABLE_OBJC_WEAK = YES;
				CLANG_WARN_BLOCK_CAPTURE_AUTORELEASING = YES;
				CLANG_WARN_BOOL_CONVERSION = YES;
				CLANG_WARN_COMMA = YES;
				CLANG_WARN_CONSTANT_CONVERSION = YES;
				CLANG_WARN_DEPRECATED_OBJC_IMPLEMENTATIONS = YES;
				CLANG_WARN_DIRECT_OBJC_ISA_USAGE = YES_ERROR;
				CLANG_WARN_DOCUMENTATION_COMMENTS = YES;
				CLANG_WARN_EMPTY_BODY = YES;
				CLANG_WARN_ENUM_CONVERSION = YES;
				CLANG_WARN_INFINITE_RECURSION = YES;
				CLANG_WARN_INT_CONVERSION = YES;
				CLANG_WARN_NON_LITERAL_NULL_CONVERSION = YES;
				CLANG_WARN_OBJC_IMPLICIT_RETAIN_SELF = YES;
				CLANG_WARN_OBJC_LITERAL_CONVERSION = YES;
				CLANG_WARN_OBJC_ROOT_CLASS = YES_ERROR;
				CLANG_WARN_QUOTED_INCLUDE_IN_FRAMEWORK_HEADER = YES;
				CLANG_WARN_RANGE_LOOP_ANALYSIS = YES;
				CLANG_WARN_STRICT_PROTOTYPES = YES;
				CLANG_WARN_SUSPICIOUS_MOVE = YES;
				CLANG_WARN_UNGUARDED_AVAILABILITY = YES_AGGRESSIVE;
				CLANG_WARN_UNREACHABLE_CODE = YES;
				CLANG_WARN__DUPLICATE_METHOD_MATCH = YES;
				COPY_PHASE_STRIP = NO;
				DEBUG_INFORMATION_FORMAT = dwarf;
				ENABLE_STRICT_OBJC_MSGSEND = YES;
				ENABLE_TESTABILITY = YES;
				GCC_C_LANGUAGE_STANDARD = gnu11;
				GCC_DYNAMIC_NO_PIC = NO;
				GCC_NO_COMMON_BLOCKS = YES;
				GCC_OPTIMIZATION_LEVEL = 0;
				GCC_PREPROCESSOR_DEFINITIONS = (
					"DEBUG=1",
					"$(inherited)",
				);
				GCC_WARN_64_TO_32_BIT_CONVERSION = YES;
				GCC_WARN_ABOUT_RETURN_TYPE = YES_ERROR;
				GCC_WARN_UNDECLARED_SELECTOR = YES;
				GCC_WARN_UNINITIALIZED_AUTOS = YES_AGGRESSIVE;
				GCC_WARN_UNUSED_FUNCTION = YES;
				GCC_WARN_UNUSED_VARIABLE = YES;
				IPHONEOS_DEPLOYMENT_TARGET = 14.2;
				MTL_ENABLE_DEBUG_INFO = INCLUDE_SOURCE;
				MTL_FAST_MATH = YES;
				ONLY_ACTIVE_ARCH = YES;
				SDKROOT = iphoneos;
				SWIFT_ACTIVE_COMPILATION_CONDITIONS = DEBUG;
				SWIFT_OPTIMIZATION_LEVEL = "-Onone";
			};
			name = Debug;
		};
		CBE7C332257F5669008A73BC /* Release */ = {
			isa = XCBuildConfiguration;
			buildSettings = {
				ALWAYS_SEARCH_USER_PATHS = NO;
				CLANG_ANALYZER_NONNULL = YES;
				CLANG_ANALYZER_NUMBER_OBJECT_CONVERSION = YES_AGGRESSIVE;
				CLANG_CXX_LANGUAGE_STANDARD = "gnu++14";
				CLANG_CXX_LIBRARY = "libc++";
				CLANG_ENABLE_MODULES = YES;
				CLANG_ENABLE_OBJC_ARC = YES;
				CLANG_ENABLE_OBJC_WEAK = YES;
				CLANG_WARN_BLOCK_CAPTURE_AUTORELEASING = YES;
				CLANG_WARN_BOOL_CONVERSION = YES;
				CLANG_WARN_COMMA = YES;
				CLANG_WARN_CONSTANT_CONVERSION = YES;
				CLANG_WARN_DEPRECATED_OBJC_IMPLEMENTATIONS = YES;
				CLANG_WARN_DIRECT_OBJC_ISA_USAGE = YES_ERROR;
				CLANG_WARN_DOCUMENTATION_COMMENTS = YES;
				CLANG_WARN_EMPTY_BODY = YES;
				CLANG_WARN_ENUM_CONVERSION = YES;
				CLANG_WARN_INFINITE_RECURSION = YES;
				CLANG_WARN_INT_CONVERSION = YES;
				CLANG_WARN_NON_LITERAL_NULL_CONVERSION = YES;
				CLANG_WARN_OBJC_IMPLICIT_RETAIN_SELF = YES;
				CLANG_WARN_OBJC_LITERAL_CONVERSION = YES;
				CLANG_WARN_OBJC_ROOT_CLASS = YES_ERROR;
				CLANG_WARN_QUOTED_INCLUDE_IN_FRAMEWORK_HEADER = YES;
				CLANG_WARN_RANGE_LOOP_ANALYSIS = YES;
				CLANG_WARN_STRICT_PROTOTYPES = YES;
				CLANG_WARN_SUSPICIOUS_MOVE = YES;
				CLANG_WARN_UNGUARDED_AVAILABILITY = YES_AGGRESSIVE;
				CLANG_WARN_UNREACHABLE_CODE = YES;
				CLANG_WARN__DUPLICATE_METHOD_MATCH = YES;
				COPY_PHASE_STRIP = NO;
				DEBUG_INFORMATION_FORMAT = "dwarf-with-dsym";
				ENABLE_NS_ASSERTIONS = NO;
				ENABLE_STRICT_OBJC_MSGSEND = YES;
				GCC_C_LANGUAGE_STANDARD = gnu11;
				GCC_NO_COMMON_BLOCKS = YES;
				GCC_WARN_64_TO_32_BIT_CONVERSION = YES;
				GCC_WARN_ABOUT_RETURN_TYPE = YES_ERROR;
				GCC_WARN_UNDECLARED_SELECTOR = YES;
				GCC_WARN_UNINITIALIZED_AUTOS = YES_AGGRESSIVE;
				GCC_WARN_UNUSED_FUNCTION = YES;
				GCC_WARN_UNUSED_VARIABLE = YES;
				IPHONEOS_DEPLOYMENT_TARGET = 14.2;
				MTL_ENABLE_DEBUG_INFO = NO;
				MTL_FAST_MATH = YES;
				SDKROOT = iphoneos;
				SWIFT_COMPILATION_MODE = wholemodule;
				SWIFT_OPTIMIZATION_LEVEL = "-O";
				VALIDATE_PRODUCT = YES;
			};
			name = Release;
		};
		CBE7C334257F5669008A73BC /* Debug */ = {
			isa = XCBuildConfiguration;
			baseConfigurationReference = 1DB0A132A02A19E6D040FFFB /* Pods-MYSupport.debug.xcconfig */;
			buildSettings = {
				ASSETCATALOG_COMPILER_APPICON_NAME = AppIcon;
				ASSETCATALOG_COMPILER_GLOBAL_ACCENT_COLOR_NAME = AccentColor;
				CODE_SIGN_STYLE = Automatic;
				DEVELOPMENT_ASSET_PATHS = "\"MYSupport/Preview Content\"";
				DEVELOPMENT_TEAM = YH73XZSZGX;
				ENABLE_PREVIEWS = YES;
				INFOPLIST_FILE = MYSupport/Info.plist;
				LD_RUNPATH_SEARCH_PATHS = (
					"$(inherited)",
					"@executable_path/Frameworks",
				);
				PRODUCT_BUNDLE_IDENTIFIER = jp.techacademy.yusuke.murayama.MYSupport;
				PRODUCT_NAME = "$(TARGET_NAME)";
				SWIFT_VERSION = 5.0;
				TARGETED_DEVICE_FAMILY = "1,2";
			};
			name = Debug;
		};
		CBE7C335257F5669008A73BC /* Release */ = {
			isa = XCBuildConfiguration;
			baseConfigurationReference = 7CF4033EDC1F31E824D443BF /* Pods-MYSupport.release.xcconfig */;
			buildSettings = {
				ASSETCATALOG_COMPILER_APPICON_NAME = AppIcon;
				ASSETCATALOG_COMPILER_GLOBAL_ACCENT_COLOR_NAME = AccentColor;
				CODE_SIGN_STYLE = Automatic;
				DEVELOPMENT_ASSET_PATHS = "\"MYSupport/Preview Content\"";
				DEVELOPMENT_TEAM = YH73XZSZGX;
				ENABLE_PREVIEWS = YES;
				INFOPLIST_FILE = MYSupport/Info.plist;
				LD_RUNPATH_SEARCH_PATHS = (
					"$(inherited)",
					"@executable_path/Frameworks",
				);
				PRODUCT_BUNDLE_IDENTIFIER = jp.techacademy.yusuke.murayama.MYSupport;
				PRODUCT_NAME = "$(TARGET_NAME)";
				SWIFT_VERSION = 5.0;
				TARGETED_DEVICE_FAMILY = "1,2";
			};
			name = Release;
		};
/* End XCBuildConfiguration section */

/* Begin XCConfigurationList section */
		CBE7C31A257F5668008A73BC /* Build configuration list for PBXProject "MYSupport" */ = {
			isa = XCConfigurationList;
			buildConfigurations = (
				CBE7C331257F5669008A73BC /* Debug */,
				CBE7C332257F5669008A73BC /* Release */,
			);
			defaultConfigurationIsVisible = 0;
			defaultConfigurationName = Release;
		};
		CBE7C333257F5669008A73BC /* Build configuration list for PBXNativeTarget "MYSupport" */ = {
			isa = XCConfigurationList;
			buildConfigurations = (
				CBE7C334257F5669008A73BC /* Debug */,
				CBE7C335257F5669008A73BC /* Release */,
			);
			defaultConfigurationIsVisible = 0;
			defaultConfigurationName = Release;
		};
/* End XCConfigurationList section */

/* Begin XCRemoteSwiftPackageReference section */
		CB037637258DA8BC00270F42 /* XCRemoteSwiftPackageReference "FSCalendar" */ = {
			isa = XCRemoteSwiftPackageReference;
			repositoryURL = "https://github.com/WenchaoD/FSCalendar";
			requirement = {
				kind = upToNextMajorVersion;
				minimumVersion = 2.8.2;
			};
		};
		CB5FE87B2588A756006B2C2B /* XCRemoteSwiftPackageReference "KeyboardObserving" */ = {
			isa = XCRemoteSwiftPackageReference;
			repositoryURL = "https://github.com/nickffox/KeyboardObserving";
			requirement = {
				kind = upToNextMajorVersion;
				minimumVersion = 0.3.0;
			};
		};
		CBA0BDD625920AEE00FA2E6D /* XCRemoteSwiftPackageReference "ChartView" */ = {
			isa = XCRemoteSwiftPackageReference;
			repositoryURL = "https://github.com/AppPear/ChartView";
			requirement = {
				kind = upToNextMajorVersion;
				minimumVersion = 1.5.4;
			};
		};
/* End XCRemoteSwiftPackageReference section */

/* Begin XCSwiftPackageProductDependency section */
		CB037638258DA8BC00270F42 /* FSCalendar */ = {
			isa = XCSwiftPackageProductDependency;
			package = CB037637258DA8BC00270F42 /* XCRemoteSwiftPackageReference "FSCalendar" */;
			productName = FSCalendar;
		};
		CB5FE87C2588A756006B2C2B /* KeyboardObserving */ = {
			isa = XCSwiftPackageProductDependency;
			package = CB5FE87B2588A756006B2C2B /* XCRemoteSwiftPackageReference "KeyboardObserving" */;
			productName = KeyboardObserving;
		};
		CBA0BDD725920AEE00FA2E6D /* SwiftUICharts */ = {
			isa = XCSwiftPackageProductDependency;
			package = CBA0BDD625920AEE00FA2E6D /* XCRemoteSwiftPackageReference "ChartView" */;
			productName = SwiftUICharts;
		};
/* End XCSwiftPackageProductDependency section */
	};
	rootObject = CBE7C317257F5668008A73BC /* Project object */;
}
